{
  "name": "@ms-chat/core",
  "version": "0.0.1-beta.2",
  "lockfileVersion": 2,
  "requires": true,
  "packages": {
    "": {
      "name": "@ms-chat/core",
      "version": "0.0.1-beta.2",
      "dependencies": {
        "d3-array": "3.2.4",
        "lodash-es": "^4.17.21"
      },
      "devDependencies": {
        "@types/d3-array": "^3.2.1"
      },
      "peerDependencies": {
        "lodash-es": "^4.17.21"
      }
    },
    "../../node_modules/.pnpm/@types+d3-array@3.2.1/node_modules/@types/d3-array": {
      "version": "3.2.1",
      "dev": true,
      "license": "MIT"
    },
    "../../node_modules/.pnpm/d3-array@3.2.4/node_modules/d3-array": {
      "version": "3.2.4",
      "license": "ISC",
      "dependencies": {
        "internmap": "1 - 2"
      },
      "devDependencies": {
        "@rollup/plugin-node-resolve": "15",
        "d3-dsv": "3",
        "d3-random": "2 - 3",
        "eslint": "8",
        "jsdom": "21",
        "mocha": "10",
        "rollup": "3",
        "rollup-plugin-terser": "7"
      },
      "engines": {
        "node": ">=12"
      }
    },
    "../../node_modules/.pnpm/lodash-es@4.17.21/node_modules/lodash-es": {
      "version": "4.17.21",
      "license": "MIT"
    },
    "node_modules/@types/d3-array": {
      "resolved": "../../node_modules/.pnpm/@types+d3-array@3.2.1/node_modules/@types/d3-array",
      "link": true
    },
    "node_modules/d3-array": {
      "resolved": "../../node_modules/.pnpm/d3-array@3.2.4/node_modules/d3-array",
      "link": true
    },
    "node_modules/lodash-es": {
      "resolved": "../../node_modules/.pnpm/lodash-es@4.17.21/node_modules/lodash-es",
      "link": true
    }
  },
  "dependencies": {
    "@types/d3-array": {
      "version": "file:../../node_modules/.pnpm/@types+d3-array@3.2.1/node_modules/@types/d3-array"
    },
    "d3-array": {
      "version": "file:../../node_modules/.pnpm/d3-array@3.2.4/node_modules/d3-array",
      "requires": {
        "@rollup/plugin-node-resolve": "15",
        "d3-dsv": "3",
        "d3-random": "2 - 3",
        "eslint": "8",
        "internmap": "1 - 2",
        "jsdom": "21",
        "mocha": "10",
        "rollup": "3",
        "rollup-plugin-terser": "7"
      }
    },
    "lodash-es": {
      "version": "file:../../node_modules/.pnpm/lodash-es@4.17.21/node_modules/lodash-es"
    }
  }
}
